
Microsoft Visual Studio Solution File, Format Version 12.00
# Visual Studio 15
VisualStudioVersion = 15.0.26730.16
MinimumVisualStudioVersion = 10.0.40219.1
Project("{FAE04EC0-301F-11D3-BF4B-00C04F79EFBC}") = "trObject1", "trObject1\trObject1.csproj", "{C1EE82C0-22C3-460C-B69A-BE3240DC1B34}"
EndProject
Global
	GlobalSection(SolutionConfigurationPlatforms) = preSolution
		Debug|Any CPU = Debug|Any CPU
		Release|Any CPU = Release|Any CPU
	EndGlobalSection
	GlobalSection(ProjectConfigurationPlatforms) = postSolution
		{C1EE82C0-22C3-460C-B69A-BE3240DC1B34}.Debug|Any CPU.ActiveCfg = Debug|Any CPU
		{C1EE82C0-22C3-460C-B69A-BE3240DC1B34}.Debug|Any CPU.Build.0 = Debug|Any CPU
		{C1EE82C0-22C3-460C-B69A-BE3240DC1B34}.Release|Any CPU.ActiveCfg = Release|Any CPU
		{C1EE82C0-22C3-460C-B69A-BE3240DC1B34}.Release|Any CPU.Build.0 = Release|Any CPU
	EndGlobalSection
	GlobalSection(SolutionProperties) = preSolution
		HideSolutionNode = FALSE
	EndGlobalSection
	GlobalSection(ExtensibilityGlobals) = postSolution
		SolutionGuid = {D9B05B75-D7BB-4DF2-B0CD-CABE7D9561A5}
	EndGlobalSection
EndGlobal
